
Microsoft Visual Studio Solution File, Format Version 12.00
# Visual Studio Version 17
VisualStudioVersion = 17.9.34728.123
MinimumVisualStudioVersion = 10.0.40219.1
Project("{FAE04EC0-301F-11D3-BF4B-00C04F79EFBC}") = "TaskMgmtApi", "TaskMgmtApi\TaskMgmtApi.csproj", "{DDBCD5A9-2462-4E84-9D6A-69B654B382DB}"
EndProject
Global
	GlobalSection(SolutionConfigurationPlatforms) = preSolution
		Debug|Any CPU = Debug|Any CPU
		Release|Any CPU = Release|Any CPU
	EndGlobalSection
	GlobalSection(ProjectConfigurationPlatforms) = postSolution
		{DDBCD5A9-2462-4E84-9D6A-69B654B382DB}.Debug|Any CPU.ActiveCfg = Debug|Any CPU
		{DDBCD5A9-2462-4E84-9D6A-69B654B382DB}.Debug|Any CPU.Build.0 = Debug|Any CPU
		{DDBCD5A9-2462-4E84-9D6A-69B654B382DB}.Release|Any CPU.ActiveCfg = Release|Any CPU
		{DDBCD5A9-2462-4E84-9D6A-69B654B382DB}.Release|Any CPU.Build.0 = Release|Any CPU
	EndGlobalSection
	GlobalSection(SolutionProperties) = preSolution
		HideSolutionNode = FALSE
	EndGlobalSection
	GlobalSection(ExtensibilityGlobals) = postSolution
		SolutionGuid = {4488DB8B-2E73-4801-96D2-EF0140FBF845}
	EndGlobalSection
EndGlobal
